github.com/sonnt85/gosutils v0.0.0-20251021114853-09b4d7cee7a2 h1:EDnxeS09lh6DFHrDgM4p0OHJSkMI8pLGfPcaNgs3qXU=
github.com/sonnt85/gosutils v0.0.0-20251021114853-09b4d7cee7a2/go.mod h1:AR0NH+syKRaO3A+1L5LzOCP+4JwoJkCZ74VG82Aoj7g=
golang.org/x/sys v0.43.0 h1:Rlag2XtaFTxp19wS8MXlJwTvoh8ArU6ezoyFsMyCTNI=
